// !$*UTF8*$!
{
	archiveVersion = 1;
	classes = {
	};
	objectVersion = 46;
	objects = {

/* Begin PBXBuildFile section */
		650569A71AE7D96700698A83 /* AHRS_Madgwick.cpp in Sources */ = {isa = PBXBuildFile; fileRef = 650569A51AE7D96700698A83 /* AHRS_Madgwick.cpp */; };
		6532AC3F1AE7050E008F310F /* main.cpp in Sources */ = {isa = PBXBuildFile; fileRef = 6532AC3E1AE7050E008F310F /* main.cpp */; };
		654618C31AE80A78009D3E16 /* IMU_Madgwick.cpp in Sources */ = {isa = PBXBuildFile; fileRef = 654618C11AE80A78009D3E16 /* IMU_Madgwick.cpp */; };
		656105C41AEAB0B900CE7072 /* AHRS_Attitude_EKF.cpp in Sources */ = {isa = PBXBuildFile; fileRef = 656105C21AEAB0B900CE7072 /* AHRS_Attitude_EKF.cpp */; };
		656105CD1AEAF94400CE7072 /* AHRS_EKF_AV.cpp in Sources */ = {isa = PBXBuildFile; fileRef = 656105CB1AEAF94400CE7072 /* AHRS_EKF_AV.cpp */; };
		6572A4921AEEF0F60001C500 /* AttitudeEKF.c in Sources */ = {isa = PBXBuildFile; fileRef = 6572A48F1AEEF0F60001C500 /* AttitudeEKF.c */; };
		6572A4A11AEEF2110001C500 /* AHRS_Attitude_SO3.cpp in Sources */ = {isa = PBXBuildFile; fileRef = 6572A49F1AEEF2110001C500 /* AHRS_Attitude_SO3.cpp */; };
		6572A4A31AEF8DD20001C500 /* attitude_estimator_so3_main.h in Sources */ = {isa = PBXBuildFile; fileRef = 6572A4A21AEF8DD20001C500 /* attitude_estimator_so3_main.h */; };
		65752B0A1AE849B90022F87A /* IMU_EKF_AV.cpp in Sources */ = {isa = PBXBuildFile; fileRef = 65752B091AE849B90022F87A /* IMU_EKF_AV.cpp */; };
		658FDCAA2868F356003F02EF /* IMU_EKF.c in Sources */ = {isa = PBXBuildFile; fileRef = 658FDCA82868F356003F02EF /* IMU_EKF.c */; };
		65CA4FC2286881EE006BEAF9 /* NumMethodsF.c in Sources */ = {isa = PBXBuildFile; fileRef = 65CA4FBC286881EE006BEAF9 /* NumMethodsF.c */; };
		65CA4FC3286881EE006BEAF9 /* Matrix.c in Sources */ = {isa = PBXBuildFile; fileRef = 65CA4FBE286881EE006BEAF9 /* Matrix.c */; };
/* End PBXBuildFile section */

/* Begin PBXCopyFilesBuildPhase section */
		6532AC391AE7050D008F310F /* CopyFiles */ = {
			isa = PBXCopyFilesBuildPhase;
			buildActionMask = 2147483647;
			dstPath = /usr/share/man/man1/;
			dstSubfolderSpec = 0;
			files = (
			);
			runOnlyForDeploymentPostprocessing = 1;
		};
/* End PBXCopyFilesBuildPhase section */

/* Begin PBXFileReference section */
		650569A51AE7D96700698A83 /* AHRS_Madgwick.cpp */ = {isa = PBXFileReference; fileEncoding = 4; lastKnownFileType = sourcecode.cpp.cpp; path = AHRS_Madgwick.cpp; sourceTree = "<group>"; };
		650569A61AE7D96700698A83 /* AHRS_Madgwick.h */ = {isa = PBXFileReference; fileEncoding = 4; lastKnownFileType = sourcecode.c.h; path = AHRS_Madgwick.h; sourceTree = "<group>"; };
		6532AC3B1AE7050D008F310F /* Test_Kalman */ = {isa = PBXFileReference; explicitFileType = "compiled.mach-o.executable"; includeInIndex = 0; path = Test_Kalman; sourceTree = BUILT_PRODUCTS_DIR; };
		6532AC3E1AE7050E008F310F /* main.cpp */ = {isa = PBXFileReference; lastKnownFileType = sourcecode.cpp.cpp; path = main.cpp; sourceTree = "<group>"; };
		6532AC481AE7055E008F310F /* MatLib.h */ = {isa = PBXFileReference; lastKnownFileType = sourcecode.c.h; path = MatLib.h; sourceTree = "<group>"; };
		6532AC491AE7055E008F310F /* MatrixX.h */ = {isa = PBXFileReference; lastKnownFileType = sourcecode.c.h; path = MatrixX.h; sourceTree = "<group>"; };
		6532AC4A1AE7055E008F310F /* MatrixX.tpp */ = {isa = PBXFileReference; lastKnownFileType = text; path = MatrixX.tpp; sourceTree = "<group>"; };
		6532AC4B1AE7055E008F310F /* Num_methods.h */ = {isa = PBXFileReference; lastKnownFileType = sourcecode.c.h; path = Num_methods.h; sourceTree = "<group>"; };
		654618C11AE80A78009D3E16 /* IMU_Madgwick.cpp */ = {isa = PBXFileReference; fileEncoding = 4; lastKnownFileType = sourcecode.cpp.cpp; path = IMU_Madgwick.cpp; sourceTree = "<group>"; };
		654618C21AE80A78009D3E16 /* IMU_Madgwick.h */ = {isa = PBXFileReference; fileEncoding = 4; lastKnownFileType = sourcecode.c.h; path = IMU_Madgwick.h; sourceTree = "<group>"; };
		6561059D1AE98CBC00CE7072 /* Utilities.h */ = {isa = PBXFileReference; lastKnownFileType = sourcecode.c.h; path = Utilities.h; sourceTree = "<group>"; };
		656105C21AEAB0B900CE7072 /* AHRS_Attitude_EKF.cpp */ = {isa = PBXFileReference; fileEncoding = 4; lastKnownFileType = sourcecode.cpp.cpp; path = AHRS_Attitude_EKF.cpp; sourceTree = "<group>"; };
		656105C31AEAB0B900CE7072 /* AHRS_Attitude_EKF.h */ = {isa = PBXFileReference; fileEncoding = 4; lastKnownFileType = sourcecode.c.h; path = AHRS_Attitude_EKF.h; sourceTree = "<group>"; };
		656105CB1AEAF94400CE7072 /* AHRS_EKF_AV.cpp */ = {isa = PBXFileReference; fileEncoding = 4; lastKnownFileType = sourcecode.cpp.cpp; path = AHRS_EKF_AV.cpp; sourceTree = "<group>"; };
		656105CC1AEAF94400CE7072 /* AHRS_EKF_AV.h */ = {isa = PBXFileReference; fileEncoding = 4; lastKnownFileType = sourcecode.c.h; path = AHRS_EKF_AV.h; sourceTree = "<group>"; };
		6572A48E1AEEF0F60001C500 /* AttitudeEKF_types.h */ = {isa = PBXFileReference; fileEncoding = 4; lastKnownFileType = sourcecode.c.h; path = AttitudeEKF_types.h; sourceTree = "<group>"; };
		6572A48F1AEEF0F60001C500 /* AttitudeEKF.c */ = {isa = PBXFileReference; fileEncoding = 4; lastKnownFileType = sourcecode.c.c; path = AttitudeEKF.c; sourceTree = "<group>"; };
		6572A4901AEEF0F60001C500 /* AttitudeEKF.h */ = {isa = PBXFileReference; fileEncoding = 4; lastKnownFileType = sourcecode.c.h; path = AttitudeEKF.h; sourceTree = "<group>"; };
		6572A4911AEEF0F60001C500 /* rtwtypes.h */ = {isa = PBXFileReference; fileEncoding = 4; lastKnownFileType = sourcecode.c.h; path = rtwtypes.h; sourceTree = "<group>"; };
		6572A49F1AEEF2110001C500 /* AHRS_Attitude_SO3.cpp */ = {isa = PBXFileReference; fileEncoding = 4; lastKnownFileType = sourcecode.cpp.cpp; path = AHRS_Attitude_SO3.cpp; sourceTree = "<group>"; };
		6572A4A01AEEF2110001C500 /* AHRS_Attitude_SO3.h */ = {isa = PBXFileReference; fileEncoding = 4; lastKnownFileType = sourcecode.c.h; path = AHRS_Attitude_SO3.h; sourceTree = "<group>"; };
		6572A4A21AEF8DD20001C500 /* attitude_estimator_so3_main.h */ = {isa = PBXFileReference; fileEncoding = 4; lastKnownFileType = sourcecode.c.h; path = attitude_estimator_so3_main.h; sourceTree = "<group>"; };
		65752B081AE8439F0022F87A /* IMU_EKF_AV.h */ = {isa = PBXFileReference; lastKnownFileType = sourcecode.c.h; path = IMU_EKF_AV.h; sourceTree = "<group>"; };
		65752B091AE849B90022F87A /* IMU_EKF_AV.cpp */ = {isa = PBXFileReference; fileEncoding = 4; lastKnownFileType = sourcecode.cpp.cpp; path = IMU_EKF_AV.cpp; sourceTree = "<group>"; };
		658FDCA82868F356003F02EF /* IMU_EKF.c */ = {isa = PBXFileReference; fileEncoding = 4; lastKnownFileType = sourcecode.c.c; name = IMU_EKF.c; path = "IMU_AV C/IMU_EKF.c"; sourceTree = "<group>"; };
		658FDCA92868F356003F02EF /* IMU_EKF.h */ = {isa = PBXFileReference; fileEncoding = 4; lastKnownFileType = sourcecode.c.h; name = IMU_EKF.h; path = "IMU_AV C/IMU_EKF.h"; sourceTree = "<group>"; };
		65CA4FBC286881EE006BEAF9 /* NumMethodsF.c */ = {isa = PBXFileReference; fileEncoding = 4; lastKnownFileType = sourcecode.c.c; name = NumMethodsF.c; path = "IMU_AV C/NumMethodsF.c"; sourceTree = "<group>"; };
		65CA4FBE286881EE006BEAF9 /* Matrix.c */ = {isa = PBXFileReference; fileEncoding = 4; lastKnownFileType = sourcecode.c.c; name = Matrix.c; path = "IMU_AV C/Matrix.c"; sourceTree = "<group>"; };
		65CA4FBF286881EE006BEAF9 /* NumMethodsF.h */ = {isa = PBXFileReference; fileEncoding = 4; lastKnownFileType = sourcecode.c.h; name = NumMethodsF.h; path = "IMU_AV C/NumMethodsF.h"; sourceTree = "<group>"; };
		65CA4FC0286881EE006BEAF9 /* Matrix.h */ = {isa = PBXFileReference; fileEncoding = 4; lastKnownFileType = sourcecode.c.h; name = Matrix.h; path = "IMU_AV C/Matrix.h"; sourceTree = "<group>"; };
/* End PBXFileReference section */

/* Begin PBXFrameworksBuildPhase section */
		6532AC381AE7050D008F310F /* Frameworks */ = {
			isa = PBXFrameworksBuildPhase;
			buildActionMask = 2147483647;
			files = (
			);
			runOnlyForDeploymentPostprocessing = 0;
		};
/* End PBXFrameworksBuildPhase section */

/* Begin PBXGroup section */
		6532AC321AE7050D008F310F = {
			isa = PBXGroup;
			children = (
				6532AC3D1AE7050D008F310F /* Test_Kalman */,
				6532AC3C1AE7050D008F310F /* Products */,
			);
			sourceTree = "<group>";
		};
		6532AC3C1AE7050D008F310F /* Products */ = {
			isa = PBXGroup;
			children = (
				6532AC3B1AE7050D008F310F /* Test_Kalman */,
			);
			name = Products;
			sourceTree = "<group>";
		};
		6532AC3D1AE7050D008F310F /* Test_Kalman */ = {
			isa = PBXGroup;
			children = (
				65CA4FBB28688167006BEAF9 /* IMU AV C */,
				656105B01AEA702000CE7072 /* MatLib */,
				6572A4941AEEF10C0001C500 /* IMU Madgwick */,
				6572A4951AEEF1170001C500 /* AHRS Madgwick */,
				6572A4961AEEF1220001C500 /* AHRS AV */,
				6572A4971AEEF1360001C500 /* IMU AV */,
				6572A4931AEEF0FE0001C500 /* PX4 EKF C */,
				6572A4981AEEF1400001C500 /* PX4 EKF */,
				6572A4991AEEF1590001C500 /* PX4 CF */,
				6532AC3E1AE7050E008F310F /* main.cpp */,
				6561059D1AE98CBC00CE7072 /* Utilities.h */,
			);
			path = Test_Kalman;
			sourceTree = "<group>";
		};
		656105B01AEA702000CE7072 /* MatLib */ = {
			isa = PBXGroup;
			children = (
				6532AC481AE7055E008F310F /* MatLib.h */,
				6532AC491AE7055E008F310F /* MatrixX.h */,
				6532AC4A1AE7055E008F310F /* MatrixX.tpp */,
				6532AC4B1AE7055E008F310F /* Num_methods.h */,
			);
			name = MatLib;
			sourceTree = "<group>";
		};
		6572A4931AEEF0FE0001C500 /* PX4 EKF C */ = {
			isa = PBXGroup;
			children = (
				6572A48E1AEEF0F60001C500 /* AttitudeEKF_types.h */,
				6572A48F1AEEF0F60001C500 /* AttitudeEKF.c */,
				6572A4901AEEF0F60001C500 /* AttitudeEKF.h */,
				6572A4911AEEF0F60001C500 /* rtwtypes.h */,
			);
			name = "PX4 EKF C";
			sourceTree = "<group>";
		};
		6572A4941AEEF10C0001C500 /* IMU Madgwick */ = {
			isa = PBXGroup;
			children = (
				654618C21AE80A78009D3E16 /* IMU_Madgwick.h */,
				654618C11AE80A78009D3E16 /* IMU_Madgwick.cpp */,
			);
			name = "IMU Madgwick";
			sourceTree = "<group>";
		};
		6572A4951AEEF1170001C500 /* AHRS Madgwick */ = {
			isa = PBXGroup;
			children = (
				650569A61AE7D96700698A83 /* AHRS_Madgwick.h */,
				650569A51AE7D96700698A83 /* AHRS_Madgwick.cpp */,
			);
			name = "AHRS Madgwick";
			sourceTree = "<group>";
		};
		6572A4961AEEF1220001C500 /* AHRS AV */ = {
			isa = PBXGroup;
			children = (
				656105CC1AEAF94400CE7072 /* AHRS_EKF_AV.h */,
				656105CB1AEAF94400CE7072 /* AHRS_EKF_AV.cpp */,
			);
			name = "AHRS AV";
			sourceTree = "<group>";
		};
		6572A4971AEEF1360001C500 /* IMU AV */ = {
			isa = PBXGroup;
			children = (
				65752B081AE8439F0022F87A /* IMU_EKF_AV.h */,
				65752B091AE849B90022F87A /* IMU_EKF_AV.cpp */,
			);
			name = "IMU AV";
			sourceTree = "<group>";
		};
		6572A4981AEEF1400001C500 /* PX4 EKF */ = {
			isa = PBXGroup;
			children = (
				656105C31AEAB0B900CE7072 /* AHRS_Attitude_EKF.h */,
				656105C21AEAB0B900CE7072 /* AHRS_Attitude_EKF.cpp */,
			);
			name = "PX4 EKF";
			sourceTree = "<group>";
		};
		6572A4991AEEF1590001C500 /* PX4 CF */ = {
			isa = PBXGroup;
			children = (
				6572A4A21AEF8DD20001C500 /* attitude_estimator_so3_main.h */,
				6572A4A01AEEF2110001C500 /* AHRS_Attitude_SO3.h */,
				6572A49F1AEEF2110001C500 /* AHRS_Attitude_SO3.cpp */,
			);
			name = "PX4 CF";
			sourceTree = "<group>";
		};
		65CA4FBB28688167006BEAF9 /* IMU AV C */ = {
			isa = PBXGroup;
			children = (
				658FDCA82868F356003F02EF /* IMU_EKF.c */,
				658FDCA92868F356003F02EF /* IMU_EKF.h */,
				65CA4FBE286881EE006BEAF9 /* Matrix.c */,
				65CA4FC0286881EE006BEAF9 /* Matrix.h */,
				65CA4FBC286881EE006BEAF9 /* NumMethodsF.c */,
				65CA4FBF286881EE006BEAF9 /* NumMethodsF.h */,
			);
			name = "IMU AV C";
			sourceTree = "<group>";
		};
/* End PBXGroup section */

/* Begin PBXNativeTarget section */
		6532AC3A1AE7050D008F310F /* Test_Kalman */ = {
			isa = PBXNativeTarget;
			buildConfigurationList = 6532AC421AE7050E008F310F /* Build configuration list for PBXNativeTarget "Test_Kalman" */;
			buildPhases = (
				6532AC371AE7050D008F310F /* Sources */,
				6532AC381AE7050D008F310F /* Frameworks */,
				6532AC391AE7050D008F310F /* CopyFiles */,
			);
			buildRules = (
			);
			dependencies = (
			);
			name = Test_Kalman;
			productName = Test_Kalman;
			productReference = 6532AC3B1AE7050D008F310F /* Test_Kalman */;
			productType = "com.apple.product-type.tool";
		};
/* End PBXNativeTarget section */

/* Begin PBXProject section */
		6532AC331AE7050D008F310F /* Project object */ = {
			isa = PBXProject;
			attributes = {
				LastUpgradeCheck = 0620;
				ORGANIZATIONNAME = "Andrea Vivani";
				TargetAttributes = {
					6532AC3A1AE7050D008F310F = {
						CreatedOnToolsVersion = 6.2;
					};
				};
			};
			buildConfigurationList = 6532AC361AE7050D008F310F /* Build configuration list for PBXProject "Test_Kalman" */;
			compatibilityVersion = "Xcode 3.2";
			developmentRegion = English;
			hasScannedForEncodings = 0;
			knownRegions = (
				English,
				en,
			);
			mainGroup = 6532AC321AE7050D008F310F;
			productRefGroup = 6532AC3C1AE7050D008F310F /* Products */;
			projectDirPath = "";
			projectRoot = "";
			targets = (
				6532AC3A1AE7050D008F310F /* Test_Kalman */,
			);
		};
/* End PBXProject section */

/* Begin PBXSourcesBuildPhase section */
		6532AC371AE7050D008F310F /* Sources */ = {
			isa = PBXSourcesBuildPhase;
			buildActionMask = 2147483647;
			files = (
				65752B0A1AE849B90022F87A /* IMU_EKF_AV.cpp in Sources */,
				6572A4A31AEF8DD20001C500 /* attitude_estimator_so3_main.h in Sources */,
				656105CD1AEAF94400CE7072 /* AHRS_EKF_AV.cpp in Sources */,
				6572A4921AEEF0F60001C500 /* AttitudeEKF.c in Sources */,
				6532AC3F1AE7050E008F310F /* main.cpp in Sources */,
				656105C41AEAB0B900CE7072 /* AHRS_Attitude_EKF.cpp in Sources */,
				6572A4A11AEEF2110001C500 /* AHRS_Attitude_SO3.cpp in Sources */,
				65CA4FC3286881EE006BEAF9 /* Matrix.c in Sources */,
				654618C31AE80A78009D3E16 /* IMU_Madgwick.cpp in Sources */,
				650569A71AE7D96700698A83 /* AHRS_Madgwick.cpp in Sources */,
				658FDCAA2868F356003F02EF /* IMU_EKF.c in Sources */,
				65CA4FC2286881EE006BEAF9 /* NumMethodsF.c in Sources */,
			);
			runOnlyForDeploymentPostprocessing = 0;
		};
/* End PBXSourcesBuildPhase section */

/* Begin XCBuildConfiguration section */
		6532AC401AE7050E008F310F /* Debug */ = {
			isa = XCBuildConfiguration;
			buildSettings = {
				ALWAYS_SEARCH_USER_PATHS = NO;
				CLANG_CXX_LANGUAGE_STANDARD = "gnu++0x";
				CLANG_CXX_LIBRARY = "libc++";
				CLANG_ENABLE_MODULES = YES;
				CLANG_ENABLE_OBJC_ARC = YES;
				CLANG_WARN_BOOL_CONVERSION = YES;
				CLANG_WARN_CONSTANT_CONVERSION = YES;
				CLANG_WARN_DIRECT_OBJC_ISA_USAGE = YES_ERROR;
				CLANG_WARN_EMPTY_BODY = YES;
				CLANG_WARN_ENUM_CONVERSION = YES;
				CLANG_WARN_INT_CONVERSION = YES;
				CLANG_WARN_OBJC_ROOT_CLASS = YES_ERROR;
				CLANG_WARN_UNREACHABLE_CODE = YES;
				CLANG_WARN__DUPLICATE_METHOD_MATCH = YES;
				COPY_PHASE_STRIP = NO;
				ENABLE_STRICT_OBJC_MSGSEND = YES;
				GCC_C_LANGUAGE_STANDARD = gnu99;
				GCC_DYNAMIC_NO_PIC = NO;
				GCC_OPTIMIZATION_LEVEL = 0;
				GCC_PREPROCESSOR_DEFINITIONS = (
					"DEBUG=1",
					"$(inherited)",
				);
				GCC_SYMBOLS_PRIVATE_EXTERN = NO;
				GCC_WARN_64_TO_32_BIT_CONVERSION = YES;
				GCC_WARN_ABOUT_RETURN_TYPE = YES_ERROR;
				GCC_WARN_UNDECLARED_SELECTOR = YES;
				GCC_WARN_UNINITIALIZED_AUTOS = YES_AGGRESSIVE;
				GCC_WARN_UNUSED_FUNCTION = YES;
				GCC_WARN_UNUSED_VARIABLE = YES;
				MACOSX_DEPLOYMENT_TARGET = 10.9;
				MTL_ENABLE_DEBUG_INFO = YES;
				ONLY_ACTIVE_ARCH = YES;
				SDKROOT = macosx;
			};
			name = Debug;
		};
		6532AC411AE7050E008F310F /* Release */ = {
			isa = XCBuildConfiguration;
			buildSettings = {
				ALWAYS_SEARCH_USER_PATHS = NO;
				CLANG_CXX_LANGUAGE_STANDARD = "gnu++0x";
				CLANG_CXX_LIBRARY = "libc++";
				CLANG_ENABLE_MODULES = YES;
				CLANG_ENABLE_OBJC_ARC = YES;
				CLANG_WARN_BOOL_CONVERSION = YES;
				CLANG_WARN_CONSTANT_CONVERSION = YES;
				CLANG_WARN_DIRECT_OBJC_ISA_USAGE = YES_ERROR;
				CLANG_WARN_EMPTY_BODY = YES;
				CLANG_WARN_ENUM_CONVERSION = YES;
				CLANG_WARN_INT_CONVERSION = YES;
				CLANG_WARN_OBJC_ROOT_CLASS = YES_ERROR;
				CLANG_WARN_UNREACHABLE_CODE = YES;
				CLANG_WARN__DUPLICATE_METHOD_MATCH = YES;
				COPY_PHASE_STRIP = NO;
				DEBUG_INFORMATION_FORMAT = "dwarf-with-dsym";
				ENABLE_NS_ASSERTIONS = NO;
				ENABLE_STRICT_OBJC_MSGSEND = YES;
				GCC_C_LANGUAGE_STANDARD = gnu99;
				GCC_WARN_64_TO_32_BIT_CONVERSION = YES;
				GCC_WARN_ABOUT_RETURN_TYPE = YES_ERROR;
				GCC_WARN_UNDECLARED_SELECTOR = YES;
				GCC_WARN_UNINITIALIZED_AUTOS = YES_AGGRESSIVE;
				GCC_WARN_UNUSED_FUNCTION = YES;
				GCC_WARN_UNUSED_VARIABLE = YES;
				MACOSX_DEPLOYMENT_TARGET = 10.9;
				MTL_ENABLE_DEBUG_INFO = NO;
				SDKROOT = macosx;
			};
			name = Release;
		};
		6532AC431AE7050E008F310F /* Debug */ = {
			isa = XCBuildConfiguration;
			buildSettings = {
				LIBRARY_SEARCH_PATHS = (
					"$(inherited)",
					"$(PROJECT_DIR)/Test_Kalman",
				);
				PRODUCT_NAME = "$(TARGET_NAME)";
				VALID_ARCHS = "i386 x86_64";
			};
			name = Debug;
		};
		6532AC441AE7050E008F310F /* Release */ = {
			isa = XCBuildConfiguration;
			buildSettings = {
				LIBRARY_SEARCH_PATHS = (
					"$(inherited)",
					"$(PROJECT_DIR)/Test_Kalman",
				);
				PRODUCT_NAME = "$(TARGET_NAME)";
				VALID_ARCHS = "i386 x86_64";
			};
			name = Release;
		};
/* End XCBuildConfiguration section */

/* Begin XCConfigurationList section */
		6532AC361AE7050D008F310F /* Build configuration list for PBXProject "Test_Kalman" */ = {
			isa = XCConfigurationList;
			buildConfigurations = (
				6532AC401AE7050E008F310F /* Debug */,
				6532AC411AE7050E008F310F /* Release */,
			);
			defaultConfigurationIsVisible = 0;
			defaultConfigurationName = Release;
		};
		6532AC421AE7050E008F310F /* Build configuration list for PBXNativeTarget "Test_Kalman" */ = {
			isa = XCConfigurationList;
			buildConfigurations = (
				6532AC431AE7050E008F310F /* Debug */,
				6532AC441AE7050E008F310F /* Release */,
			);
			defaultConfigurationIsVisible = 0;
			defaultConfigurationName = Release;
		};
/* End XCConfigurationList section */
	};
	rootObject = 6532AC331AE7050D008F310F /* Project object */;
}
